
Microsoft Visual Studio Solution File, Format Version 12.00
# Visual Studio Version 17
VisualStudioVersion = 17.9.34701.34
MinimumVisualStudioVersion = 10.0.40219.1
Project("{FAE04EC0-301F-11D3-BF4B-00C04F79EFBC}") = "22.04.2024(home)", "22.04.2024(home).csproj", "{FC53E292-E4C2-4C46-B93F-DF7C27EF00EF}"
EndProject
Global
	GlobalSection(SolutionConfigurationPlatforms) = preSolution
		Debug|Any CPU = Debug|Any CPU
		Release|Any CPU = Release|Any CPU
	EndGlobalSection
	GlobalSection(ProjectConfigurationPlatforms) = postSolution
		{FC53E292-E4C2-4C46-B93F-DF7C27EF00EF}.Debug|Any CPU.ActiveCfg = Debug|Any CPU
		{FC53E292-E4C2-4C46-B93F-DF7C27EF00EF}.Debug|Any CPU.Build.0 = Debug|Any CPU
		{FC53E292-E4C2-4C46-B93F-DF7C27EF00EF}.Release|Any CPU.ActiveCfg = Release|Any CPU
		{FC53E292-E4C2-4C46-B93F-DF7C27EF00EF}.Release|Any CPU.Build.0 = Release|Any CPU
	EndGlobalSection
	GlobalSection(SolutionProperties) = preSolution
		HideSolutionNode = FALSE
	EndGlobalSection
	GlobalSection(ExtensibilityGlobals) = postSolution
		SolutionGuid = {BD5CF056-B656-436E-BCA3-BB21CE180CE8}
	EndGlobalSection
EndGlobal
